
Microsoft Visual Studio Solution File, Format Version 12.00
# Visual Studio Version 16
VisualStudioVersion = 16.0.31624.102
MinimumVisualStudioVersion = 10.0.40219.1
Project("{9A19103F-16F7-4668-BE54-9A1E7A4F7556}") = "Hello F Sharp", "Hello F Sharp.csproj", "{EDCB1BBC-B453-4FE5-A421-38688970B2E7}"
EndProject
Project("{F2A71F9B-5D33-465A-A702-920D77279786}") = "Ello", "Ello\Ello\Ello.fsproj", "{010C96A1-BD6A-47D0-AE4A-E1E14C21B2BC}"
EndProject
Global
	GlobalSection(SolutionConfigurationPlatforms) = preSolution
		Debug|Any CPU = Debug|Any CPU
		ExportDebug|Any CPU = ExportDebug|Any CPU
		ExportRelease|Any CPU = ExportRelease|Any CPU
		Release|Any CPU = Release|Any CPU
	EndGlobalSection
	GlobalSection(ProjectConfigurationPlatforms) = postSolution
		{EDCB1BBC-B453-4FE5-A421-38688970B2E7}.Debug|Any CPU.ActiveCfg = Debug|Any CPU
		{EDCB1BBC-B453-4FE5-A421-38688970B2E7}.Debug|Any CPU.Build.0 = Debug|Any CPU
		{EDCB1BBC-B453-4FE5-A421-38688970B2E7}.ExportDebug|Any CPU.ActiveCfg = ExportDebug|Any CPU
		{EDCB1BBC-B453-4FE5-A421-38688970B2E7}.ExportDebug|Any CPU.Build.0 = ExportDebug|Any CPU
		{EDCB1BBC-B453-4FE5-A421-38688970B2E7}.ExportRelease|Any CPU.ActiveCfg = ExportRelease|Any CPU
		{EDCB1BBC-B453-4FE5-A421-38688970B2E7}.ExportRelease|Any CPU.Build.0 = ExportRelease|Any CPU
		{EDCB1BBC-B453-4FE5-A421-38688970B2E7}.Release|Any CPU.ActiveCfg = ExportRelease|Any CPU
		{EDCB1BBC-B453-4FE5-A421-38688970B2E7}.Release|Any CPU.Build.0 = ExportRelease|Any CPU
		{010C96A1-BD6A-47D0-AE4A-E1E14C21B2BC}.Debug|Any CPU.ActiveCfg = Debug|Any CPU
		{010C96A1-BD6A-47D0-AE4A-E1E14C21B2BC}.Debug|Any CPU.Build.0 = Debug|Any CPU
		{010C96A1-BD6A-47D0-AE4A-E1E14C21B2BC}.ExportDebug|Any CPU.ActiveCfg = Debug|Any CPU
		{010C96A1-BD6A-47D0-AE4A-E1E14C21B2BC}.ExportDebug|Any CPU.Build.0 = Debug|Any CPU
		{010C96A1-BD6A-47D0-AE4A-E1E14C21B2BC}.ExportRelease|Any CPU.ActiveCfg = Release|Any CPU
		{010C96A1-BD6A-47D0-AE4A-E1E14C21B2BC}.ExportRelease|Any CPU.Build.0 = Release|Any CPU
		{010C96A1-BD6A-47D0-AE4A-E1E14C21B2BC}.Release|Any CPU.ActiveCfg = Release|Any CPU
		{010C96A1-BD6A-47D0-AE4A-E1E14C21B2BC}.Release|Any CPU.Build.0 = Release|Any CPU
	EndGlobalSection
	GlobalSection(SolutionProperties) = preSolution
		HideSolutionNode = FALSE
	EndGlobalSection
	GlobalSection(ExtensibilityGlobals) = postSolution
		SolutionGuid = {03DF1E0C-8C7B-4804-9621-334D084663DF}
	EndGlobalSection
EndGlobal
