
Microsoft Visual Studio Solution File, Format Version 12.00
# Visual Studio Version 17
VisualStudioVersion = 17.0.31912.275
MinimumVisualStudioVersion = 10.0.40219.1
Project("{9A19103F-16F7-4668-BE54-9A1E7A4F7556}") = "Hello F Sharp", "Hello F Sharp.csproj", "{40AAAC8F-BB21-4346-9BE2-DFA5489D8622}"
EndProject
Project("{6EC3EE1D-3C4E-46DD-8F32-0CC8E7565705}") = "Ello", "Ello\Ello\Ello.fsproj", "{61F61CA2-F869-4E8D-8779-94F05E0E1C3C}"
EndProject
Global
	GlobalSection(SolutionConfigurationPlatforms) = preSolution
		Debug|Any CPU = Debug|Any CPU
		ExportDebug|Any CPU = ExportDebug|Any CPU
		ExportRelease|Any CPU = ExportRelease|Any CPU
		Release|Any CPU = Release|Any CPU
	EndGlobalSection
	GlobalSection(ProjectConfigurationPlatforms) = postSolution
		{40AAAC8F-BB21-4346-9BE2-DFA5489D8622}.Debug|Any CPU.ActiveCfg = Debug|Any CPU
		{40AAAC8F-BB21-4346-9BE2-DFA5489D8622}.Debug|Any CPU.Build.0 = Debug|Any CPU
		{40AAAC8F-BB21-4346-9BE2-DFA5489D8622}.ExportDebug|Any CPU.ActiveCfg = ExportDebug|Any CPU
		{40AAAC8F-BB21-4346-9BE2-DFA5489D8622}.ExportDebug|Any CPU.Build.0 = ExportDebug|Any CPU
		{40AAAC8F-BB21-4346-9BE2-DFA5489D8622}.ExportRelease|Any CPU.ActiveCfg = ExportRelease|Any CPU
		{40AAAC8F-BB21-4346-9BE2-DFA5489D8622}.ExportRelease|Any CPU.Build.0 = ExportRelease|Any CPU
		{40AAAC8F-BB21-4346-9BE2-DFA5489D8622}.Release|Any CPU.ActiveCfg = ExportRelease|Any CPU
		{40AAAC8F-BB21-4346-9BE2-DFA5489D8622}.Release|Any CPU.Build.0 = ExportRelease|Any CPU
		{61F61CA2-F869-4E8D-8779-94F05E0E1C3C}.Debug|Any CPU.ActiveCfg = Debug|Any CPU
		{61F61CA2-F869-4E8D-8779-94F05E0E1C3C}.Debug|Any CPU.Build.0 = Debug|Any CPU
		{61F61CA2-F869-4E8D-8779-94F05E0E1C3C}.ExportDebug|Any CPU.ActiveCfg = Debug|Any CPU
		{61F61CA2-F869-4E8D-8779-94F05E0E1C3C}.ExportDebug|Any CPU.Build.0 = Debug|Any CPU
		{61F61CA2-F869-4E8D-8779-94F05E0E1C3C}.ExportRelease|Any CPU.ActiveCfg = Release|Any CPU
		{61F61CA2-F869-4E8D-8779-94F05E0E1C3C}.ExportRelease|Any CPU.Build.0 = Release|Any CPU
		{61F61CA2-F869-4E8D-8779-94F05E0E1C3C}.Release|Any CPU.ActiveCfg = Release|Any CPU
		{61F61CA2-F869-4E8D-8779-94F05E0E1C3C}.Release|Any CPU.Build.0 = Release|Any CPU
	EndGlobalSection
	GlobalSection(SolutionProperties) = preSolution
		HideSolutionNode = FALSE
	EndGlobalSection
	GlobalSection(ExtensibilityGlobals) = postSolution
		SolutionGuid = {FA3A406E-BA1C-4C93-A6E4-FB8937A05C36}
	EndGlobalSection
EndGlobal
